
Microsoft Visual Studio Solution File, Format Version 12.00
# Visual Studio 2013
VisualStudioVersion = 12.0.40629.0
MinimumVisualStudioVersion = 10.0.40219.1
Project("{FAE04EC0-301F-11D3-BF4B-00C04F79EFBC}") = "FootballMatchStatEventStore", "FootballMatchStatEventStore\FootballMatchStatEventStore.csproj", "{6F2CAD93-F72A-4AF1-8276-EF2E7A63BC70}"
EndProject
Project("{2150E333-8FDC-42A3-9474-1A3956D46DE8}") = ".nuget", ".nuget", "{F301BDA3-9BEA-407C-8F09-4257CB23154D}"
	ProjectSection(SolutionItems) = preProject
		.nuget\NuGet.Config = .nuget\NuGet.Config
		.nuget\NuGet.exe = .nuget\NuGet.exe
		.nuget\NuGet.targets = .nuget\NuGet.targets
	EndProjectSection
EndProject
Project("{FAE04EC0-301F-11D3-BF4B-00C04F79EFBC}") = "FootballMatchStatEventStore.Domain", "FootballMatchStatEventStore.Domain\FootballMatchStatEventStore.Domain.csproj", "{B555E7EF-F248-4E54-B456-4C0676EE3F09}"
EndProject
Project("{FAE04EC0-301F-11D3-BF4B-00C04F79EFBC}") = "FootballMatchStatEventStore.Contracts", "FootballMatchStatEventStore.Contracts\FootballMatchStatEventStore.Contracts.csproj", "{E2CBCC80-4159-4200-BED6-6416BCC5137E}"
EndProject
Project("{FAE04EC0-301F-11D3-BF4B-00C04F79EFBC}") = "FootballMatchStatEventStore.Common", "FootballMatchStatEventStore.Common\FootballMatchStatEventStore.Common.csproj", "{E27EFE32-FCB8-4920-9FED-2B3209ADE395}"
EndProject
Project("{F2A71F9B-5D33-465A-A702-920D77279786}") = "FootballMatchStatEventStore.Domain.FSharp", "FootballMatchStatEventStore.Domain.FSharp\FootballMatchStatEventStore.Domain.FSharp.fsproj", "{A98F2BB4-865E-4944-A5AD-925E6C27CB75}"
EndProject
Global
	GlobalSection(SolutionConfigurationPlatforms) = preSolution
		Debug|Any CPU = Debug|Any CPU
		Release|Any CPU = Release|Any CPU
	EndGlobalSection
	GlobalSection(ProjectConfigurationPlatforms) = postSolution
		{6F2CAD93-F72A-4AF1-8276-EF2E7A63BC70}.Debug|Any CPU.ActiveCfg = Debug|Any CPU
		{6F2CAD93-F72A-4AF1-8276-EF2E7A63BC70}.Debug|Any CPU.Build.0 = Debug|Any CPU
		{6F2CAD93-F72A-4AF1-8276-EF2E7A63BC70}.Release|Any CPU.ActiveCfg = Release|Any CPU
		{6F2CAD93-F72A-4AF1-8276-EF2E7A63BC70}.Release|Any CPU.Build.0 = Release|Any CPU
		{B555E7EF-F248-4E54-B456-4C0676EE3F09}.Debug|Any CPU.ActiveCfg = Debug|Any CPU
		{B555E7EF-F248-4E54-B456-4C0676EE3F09}.Debug|Any CPU.Build.0 = Debug|Any CPU
		{B555E7EF-F248-4E54-B456-4C0676EE3F09}.Release|Any CPU.ActiveCfg = Release|Any CPU
		{B555E7EF-F248-4E54-B456-4C0676EE3F09}.Release|Any CPU.Build.0 = Release|Any CPU
		{E2CBCC80-4159-4200-BED6-6416BCC5137E}.Debug|Any CPU.ActiveCfg = Debug|Any CPU
		{E2CBCC80-4159-4200-BED6-6416BCC5137E}.Debug|Any CPU.Build.0 = Debug|Any CPU
		{E2CBCC80-4159-4200-BED6-6416BCC5137E}.Release|Any CPU.ActiveCfg = Release|Any CPU
		{E2CBCC80-4159-4200-BED6-6416BCC5137E}.Release|Any CPU.Build.0 = Release|Any CPU
		{E27EFE32-FCB8-4920-9FED-2B3209ADE395}.Debug|Any CPU.ActiveCfg = Debug|Any CPU
		{E27EFE32-FCB8-4920-9FED-2B3209ADE395}.Debug|Any CPU.Build.0 = Debug|Any CPU
		{E27EFE32-FCB8-4920-9FED-2B3209ADE395}.Release|Any CPU.ActiveCfg = Release|Any CPU
		{E27EFE32-FCB8-4920-9FED-2B3209ADE395}.Release|Any CPU.Build.0 = Release|Any CPU
		{A98F2BB4-865E-4944-A5AD-925E6C27CB75}.Debug|Any CPU.ActiveCfg = Debug|Any CPU
		{A98F2BB4-865E-4944-A5AD-925E6C27CB75}.Debug|Any CPU.Build.0 = Debug|Any CPU
		{A98F2BB4-865E-4944-A5AD-925E6C27CB75}.Release|Any CPU.ActiveCfg = Release|Any CPU
		{A98F2BB4-865E-4944-A5AD-925E6C27CB75}.Release|Any CPU.Build.0 = Release|Any CPU
	EndGlobalSection
	GlobalSection(SolutionProperties) = preSolution
		HideSolutionNode = FALSE
	EndGlobalSection
EndGlobal
